github.com/google/uuid v1.4.0 h1:MtMxsa51/r9yyhkyLsVeVt0B+BGQZzpQiTQ4eHZ8bc4=
github.com/google/uuid v1.4.0/go.mod h1:TIyPZe4MgqvfeYDBFedMoGGpEw/LqOeaOT+nhxU+yHo=
github.com/lesleysin/duit_go v0.0.1 h1:g0aT5JNyI2E/q2IN+OxIhYQA0oo1hMrD+Sm7uMx/WqA=
github.com/lesleysin/duit_go v0.0.1/go.mod h1:rbC38zOcM5DMrWbYEdx5HNjBxaRdZ+QtjfvK5CqP1zc=
